// !$*UTF8*$!
{
	archiveVersion = 1;
	classes = {
	};
	objectVersion = 50;
	objects = {

/* Begin PBXBuildFile section */
		0E7AFEB836D9EAA3478B719F /* Pods_MovieLibrary.framework in Frameworks */ = {isa = PBXBuildFile; fileRef = 37E1530764250BC7E219B8F0 /* Pods_MovieLibrary.framework */; };
		2D1FCBA222E07F73003FB248 /* APICalls.swift in Sources */ = {isa = PBXBuildFile; fileRef = 2D1FCB9F22E07F73003FB248 /* APICalls.swift */; };
		2D1FCBA322E07F73003FB248 /* PostParameters.swift in Sources */ = {isa = PBXBuildFile; fileRef = 2D1FCBA022E07F73003FB248 /* PostParameters.swift */; };
		2D1FCBA422E07F73003FB248 /* APIManager.swift in Sources */ = {isa = PBXBuildFile; fileRef = 2D1FCBA122E07F73003FB248 /* APIManager.swift */; };
		2D1FCBA722E07FA3003FB248 /* Constants.swift in Sources */ = {isa = PBXBuildFile; fileRef = 2D1FCBA622E07FA3003FB248 /* Constants.swift */; };
		2D1FCBA922E081CD003FB248 /* UIViewControllerUtilities.swift in Sources */ = {isa = PBXBuildFile; fileRef = 2D1FCBA822E081CD003FB248 /* UIViewControllerUtilities.swift */; };
		2D1FCBAD22E08251003FB248 /* DBCalls.swift in Sources */ = {isa = PBXBuildFile; fileRef = 2D1FCBAB22E08251003FB248 /* DBCalls.swift */; };
		2D1FCBAE22E08251003FB248 /* DBManager.swift in Sources */ = {isa = PBXBuildFile; fileRef = 2D1FCBAC22E08251003FB248 /* DBManager.swift */; };
		2D1FCBB122E08C6A003FB248 /* ConfigModel.swift in Sources */ = {isa = PBXBuildFile; fileRef = 2D1FCBB022E08C6A003FB248 /* ConfigModel.swift */; };
		2D1FCBB322E09CF3003FB248 /* MovieListModel.swift in Sources */ = {isa = PBXBuildFile; fileRef = 2D1FCBB222E09CF3003FB248 /* MovieListModel.swift */; };
		2D3B4AAD22E04A67009017A2 /* MovieItemTableViewCell.swift in Sources */ = {isa = PBXBuildFile; fileRef = 2D3B4AAB22E04A67009017A2 /* MovieItemTableViewCell.swift */; };
		2D3B4AAE22E04A67009017A2 /* MovieItemTableViewCell.xib in Resources */ = {isa = PBXBuildFile; fileRef = 2D3B4AAC22E04A67009017A2 /* MovieItemTableViewCell.xib */; };
		2D3B4AB222E0527B009017A2 /* UIImageViewUtilities.swift in Sources */ = {isa = PBXBuildFile; fileRef = 2D3B4AB022E0527B009017A2 /* UIImageViewUtilities.swift */; };
		2D3B4AB322E0527B009017A2 /* UIViewUtilities.swift in Sources */ = {isa = PBXBuildFile; fileRef = 2D3B4AB122E0527B009017A2 /* UIViewUtilities.swift */; };
		2D3B4AB622E06602009017A2 /* MovieListViewController.swift in Sources */ = {isa = PBXBuildFile; fileRef = 2D3B4AB522E06602009017A2 /* MovieListViewController.swift */; };
		2D3E99EA22E031AE0020EEB8 /* AppDelegate.swift in Sources */ = {isa = PBXBuildFile; fileRef = 2D3E99E922E031AE0020EEB8 /* AppDelegate.swift */; };
		2D3E99EC22E031AE0020EEB8 /* ViewController.swift in Sources */ = {isa = PBXBuildFile; fileRef = 2D3E99EB22E031AE0020EEB8 /* ViewController.swift */; };
		2D3E99EF22E031AE0020EEB8 /* Main.storyboard in Resources */ = {isa = PBXBuildFile; fileRef = 2D3E99ED22E031AE0020EEB8 /* Main.storyboard */; };
		2D3E99F222E031AE0020EEB8 /* MovieLibrary.xcdatamodeld in Sources */ = {isa = PBXBuildFile; fileRef = 2D3E99F022E031AE0020EEB8 /* MovieLibrary.xcdatamodeld */; };
		2D3E99F422E031B00020EEB8 /* Assets.xcassets in Resources */ = {isa = PBXBuildFile; fileRef = 2D3E99F322E031B00020EEB8 /* Assets.xcassets */; };
		2D3E99F722E031B00020EEB8 /* LaunchScreen.storyboard in Resources */ = {isa = PBXBuildFile; fileRef = 2D3E99F522E031B00020EEB8 /* LaunchScreen.storyboard */; };
		2D3E99FF22E0321A0020EEB8 /* .gitignore in Resources */ = {isa = PBXBuildFile; fileRef = 2D3E99FE22E0321A0020EEB8 /* .gitignore */; };
/* End PBXBuildFile section */

/* Begin PBXFileReference section */
		046F13E674F4596266210967 /* Pods-MovieLibrary.debug.xcconfig */ = {isa = PBXFileReference; includeInIndex = 1; lastKnownFileType = text.xcconfig; name = "Pods-MovieLibrary.debug.xcconfig"; path = "Pods/Target Support Files/Pods-MovieLibrary/Pods-MovieLibrary.debug.xcconfig"; sourceTree = "<group>"; };
		0A773FE1063217E2AD0D5851 /* Pods-MovieLibrary.release.xcconfig */ = {isa = PBXFileReference; includeInIndex = 1; lastKnownFileType = text.xcconfig; name = "Pods-MovieLibrary.release.xcconfig"; path = "Pods/Target Support Files/Pods-MovieLibrary/Pods-MovieLibrary.release.xcconfig"; sourceTree = "<group>"; };
		2D1FCB9F22E07F73003FB248 /* APICalls.swift */ = {isa = PBXFileReference; fileEncoding = 4; lastKnownFileType = sourcecode.swift; path = APICalls.swift; sourceTree = "<group>"; };
		2D1FCBA022E07F73003FB248 /* PostParameters.swift */ = {isa = PBXFileReference; fileEncoding = 4; lastKnownFileType = sourcecode.swift; path = PostParameters.swift; sourceTree = "<group>"; };
		2D1FCBA122E07F73003FB248 /* APIManager.swift */ = {isa = PBXFileReference; fileEncoding = 4; lastKnownFileType = sourcecode.swift; path = APIManager.swift; sourceTree = "<group>"; };
		2D1FCBA622E07FA3003FB248 /* Constants.swift */ = {isa = PBXFileReference; lastKnownFileType = sourcecode.swift; path = Constants.swift; sourceTree = "<group>"; };
		2D1FCBA822E081CD003FB248 /* UIViewControllerUtilities.swift */ = {isa = PBXFileReference; fileEncoding = 4; lastKnownFileType = sourcecode.swift; path = UIViewControllerUtilities.swift; sourceTree = "<group>"; };
		2D1FCBAB22E08251003FB248 /* DBCalls.swift */ = {isa = PBXFileReference; fileEncoding = 4; lastKnownFileType = sourcecode.swift; path = DBCalls.swift; sourceTree = "<group>"; };
		2D1FCBAC22E08251003FB248 /* DBManager.swift */ = {isa = PBXFileReference; fileEncoding = 4; lastKnownFileType = sourcecode.swift; path = DBManager.swift; sourceTree = "<group>"; };
		2D1FCBB022E08C6A003FB248 /* ConfigModel.swift */ = {isa = PBXFileReference; lastKnownFileType = sourcecode.swift; path = ConfigModel.swift; sourceTree = "<group>"; };
		2D1FCBB222E09CF3003FB248 /* MovieListModel.swift */ = {isa = PBXFileReference; lastKnownFileType = sourcecode.swift; path = MovieListModel.swift; sourceTree = "<group>"; };
		2D3B4AAB22E04A67009017A2 /* MovieItemTableViewCell.swift */ = {isa = PBXFileReference; lastKnownFileType = sourcecode.swift; path = MovieItemTableViewCell.swift; sourceTree = "<group>"; };
		2D3B4AAC22E04A67009017A2 /* MovieItemTableViewCell.xib */ = {isa = PBXFileReference; lastKnownFileType = file.xib; path = MovieItemTableViewCell.xib; sourceTree = "<group>"; };
		2D3B4AB022E0527B009017A2 /* UIImageViewUtilities.swift */ = {isa = PBXFileReference; fileEncoding = 4; lastKnownFileType = sourcecode.swift; path = UIImageViewUtilities.swift; sourceTree = "<group>"; };
		2D3B4AB122E0527B009017A2 /* UIViewUtilities.swift */ = {isa = PBXFileReference; fileEncoding = 4; lastKnownFileType = sourcecode.swift; path = UIViewUtilities.swift; sourceTree = "<group>"; };
		2D3B4AB522E06602009017A2 /* MovieListViewController.swift */ = {isa = PBXFileReference; lastKnownFileType = sourcecode.swift; path = MovieListViewController.swift; sourceTree = "<group>"; };
		2D3E99E622E031AE0020EEB8 /* MovieLibrary.app */ = {isa = PBXFileReference; explicitFileType = wrapper.application; includeInIndex = 0; path = MovieLibrary.app; sourceTree = BUILT_PRODUCTS_DIR; };
		2D3E99E922E031AE0020EEB8 /* AppDelegate.swift */ = {isa = PBXFileReference; lastKnownFileType = sourcecode.swift; path = AppDelegate.swift; sourceTree = "<group>"; };
		2D3E99EB22E031AE0020EEB8 /* ViewController.swift */ = {isa = PBXFileReference; lastKnownFileType = sourcecode.swift; path = ViewController.swift; sourceTree = "<group>"; };
		2D3E99EE22E031AE0020EEB8 /* Base */ = {isa = PBXFileReference; lastKnownFileType = file.storyboard; name = Base; path = Base.lproj/Main.storyboard; sourceTree = "<group>"; };
		2D3E99F122E031AE0020EEB8 /* MovieLibrary.xcdatamodel */ = {isa = PBXFileReference; lastKnownFileType = wrapper.xcdatamodel; path = MovieLibrary.xcdatamodel; sourceTree = "<group>"; };
		2D3E99F322E031B00020EEB8 /* Assets.xcassets */ = {isa = PBXFileReference; lastKnownFileType = folder.assetcatalog; path = Assets.xcassets; sourceTree = "<group>"; };
		2D3E99F622E031B00020EEB8 /* Base */ = {isa = PBXFileReference; lastKnownFileType = file.storyboard; name = Base; path = Base.lproj/LaunchScreen.storyboard; sourceTree = "<group>"; };
		2D3E99F822E031B00020EEB8 /* Info.plist */ = {isa = PBXFileReference; lastKnownFileType = text.plist.xml; path = Info.plist; sourceTree = "<group>"; };
		2D3E99FE22E0321A0020EEB8 /* .gitignore */ = {isa = PBXFileReference; fileEncoding = 4; lastKnownFileType = text; path = .gitignore; sourceTree = "<group>"; };
		37E1530764250BC7E219B8F0 /* Pods_MovieLibrary.framework */ = {isa = PBXFileReference; explicitFileType = wrapper.framework; includeInIndex = 0; path = Pods_MovieLibrary.framework; sourceTree = BUILT_PRODUCTS_DIR; };
/* End PBXFileReference section */

/* Begin PBXFrameworksBuildPhase section */
		2D3E99E322E031AD0020EEB8 /* Frameworks */ = {
			isa = PBXFrameworksBuildPhase;
			buildActionMask = 2147483647;
			files = (
				0E7AFEB836D9EAA3478B719F /* Pods_MovieLibrary.framework in Frameworks */,
			);
			runOnlyForDeploymentPostprocessing = 0;
		};
/* End PBXFrameworksBuildPhase section */

/* Begin PBXGroup section */
		2D1FCB9E22E07F33003FB248 /* API Manager */ = {
			isa = PBXGroup;
			children = (
				2D1FCBA122E07F73003FB248 /* APIManager.swift */,
				2D1FCB9F22E07F73003FB248 /* APICalls.swift */,
				2D1FCBA022E07F73003FB248 /* PostParameters.swift */,
			);
			path = "API Manager";
			sourceTree = "<group>";
		};
		2D1FCBA522E07F8E003FB248 /* Constants */ = {
			isa = PBXGroup;
			children = (
				2D1FCBA622E07FA3003FB248 /* Constants.swift */,
			);
			path = Constants;
			sourceTree = "<group>";
		};
		2D1FCBAA22E0820F003FB248 /* Database Manager */ = {
			isa = PBXGroup;
			children = (
				2D1FCBAC22E08251003FB248 /* DBManager.swift */,
				2D1FCBAB22E08251003FB248 /* DBCalls.swift */,
			);
			path = "Database Manager";
			sourceTree = "<group>";
		};
		2D1FCBAF22E0882B003FB248 /* Model Classes */ = {
			isa = PBXGroup;
			children = (
				2D1FCBB022E08C6A003FB248 /* ConfigModel.swift */,
				2D1FCBB222E09CF3003FB248 /* MovieListModel.swift */,
			);
			path = "Model Classes";
			sourceTree = "<group>";
		};
		2D3B4AAA22E04A3E009017A2 /* XIB's */ = {
			isa = PBXGroup;
			children = (
				2D3B4AAB22E04A67009017A2 /* MovieItemTableViewCell.swift */,
				2D3B4AAC22E04A67009017A2 /* MovieItemTableViewCell.xib */,
			);
			path = "XIB's";
			sourceTree = "<group>";
		};
		2D3B4AAF22E0524E009017A2 /* Utility Files */ = {
			isa = PBXGroup;
			children = (
				2D1FCBA822E081CD003FB248 /* UIViewControllerUtilities.swift */,
				2D3B4AB022E0527B009017A2 /* UIImageViewUtilities.swift */,
				2D3B4AB122E0527B009017A2 /* UIViewUtilities.swift */,
			);
			path = "Utility Files";
			sourceTree = "<group>";
		};
		2D3B4AB422E065DF009017A2 /* View Controllers */ = {
			isa = PBXGroup;
			children = (
				2D3B4AB522E06602009017A2 /* MovieListViewController.swift */,
			);
			path = "View Controllers";
			sourceTree = "<group>";
		};
		2D3E99DD22E031AD0020EEB8 = {
			isa = PBXGroup;
			children = (
				2D1FCBAF22E0882B003FB248 /* Model Classes */,
				2D1FCBAA22E0820F003FB248 /* Database Manager */,
				2D1FCBA522E07F8E003FB248 /* Constants */,
				2D1FCB9E22E07F33003FB248 /* API Manager */,
				2D3B4AB422E065DF009017A2 /* View Controllers */,
				2D3B4AAF22E0524E009017A2 /* Utility Files */,
				2D3B4AAA22E04A3E009017A2 /* XIB's */,
				2D3E99FE22E0321A0020EEB8 /* .gitignore */,
				2D3E99E822E031AE0020EEB8 /* MovieLibrary */,
				2D3E99E722E031AE0020EEB8 /* Products */,
				D35724422C4C28A1A0EC9607 /* Pods */,
				9369AB16AB8DC4AD6CCFBA6B /* Frameworks */,
			);
			sourceTree = "<group>";
		};
		2D3E99E722E031AE0020EEB8 /* Products */ = {
			isa = PBXGroup;
			children = (
				2D3E99E622E031AE0020EEB8 /* MovieLibrary.app */,
			);
			name = Products;
			sourceTree = "<group>";
		};
		2D3E99E822E031AE0020EEB8 /* MovieLibrary */ = {
			isa = PBXGroup;
			children = (
				2D3E99E922E031AE0020EEB8 /* AppDelegate.swift */,
				2D3E99EB22E031AE0020EEB8 /* ViewController.swift */,
				2D3E99ED22E031AE0020EEB8 /* Main.storyboard */,
				2D3E99F322E031B00020EEB8 /* Assets.xcassets */,
				2D3E99F522E031B00020EEB8 /* LaunchScreen.storyboard */,
				2D3E99F822E031B00020EEB8 /* Info.plist */,
				2D3E99F022E031AE0020EEB8 /* MovieLibrary.xcdatamodeld */,
			);
			path = MovieLibrary;
			sourceTree = "<group>";
		};
		9369AB16AB8DC4AD6CCFBA6B /* Frameworks */ = {
			isa = PBXGroup;
			children = (
				37E1530764250BC7E219B8F0 /* Pods_MovieLibrary.framework */,
			);
			name = Frameworks;
			sourceTree = "<group>";
		};
		D35724422C4C28A1A0EC9607 /* Pods */ = {
			isa = PBXGroup;
			children = (
				046F13E674F4596266210967 /* Pods-MovieLibrary.debug.xcconfig */,
				0A773FE1063217E2AD0D5851 /* Pods-MovieLibrary.release.xcconfig */,
			);
			name = Pods;
			sourceTree = "<group>";
		};
/* End PBXGroup section */

/* Begin PBXNativeTarget section */
		2D3E99E522E031AD0020EEB8 /* MovieLibrary */ = {
			isa = PBXNativeTarget;
			buildConfigurationList = 2D3E99FB22E031B00020EEB8 /* Build configuration list for PBXNativeTarget "MovieLibrary" */;
			buildPhases = (
				537AE0007B34841B7CF70186 /* [CP] Check Pods Manifest.lock */,
				2D3E99E222E031AD0020EEB8 /* Sources */,
				2D3E99E322E031AD0020EEB8 /* Frameworks */,
				2D3E99E422E031AD0020EEB8 /* Resources */,
				D29736787322F735946BDC5F /* [CP] Embed Pods Frameworks */,
			);
			buildRules = (
			);
			dependencies = (
			);
			name = MovieLibrary;
			productName = MovieLibrary;
			productReference = 2D3E99E622E031AE0020EEB8 /* MovieLibrary.app */;
			productType = "com.apple.product-type.application";
		};
/* End PBXNativeTarget section */

/* Begin PBXProject section */
		2D3E99DE22E031AD0020EEB8 /* Project object */ = {
			isa = PBXProject;
			attributes = {
				LastSwiftUpdateCheck = 1010;
				LastUpgradeCheck = 1010;
				TargetAttributes = {
					2D3E99E522E031AD0020EEB8 = {
						CreatedOnToolsVersion = 10.1;
					};
				};
			};
			buildConfigurationList = 2D3E99E122E031AD0020EEB8 /* Build configuration list for PBXProject "MovieLibrary" */;
			compatibilityVersion = "Xcode 9.3";
			developmentRegion = en;
			hasScannedForEncodings = 0;
			knownRegions = (
				en,
				Base,
			);
			mainGroup = 2D3E99DD22E031AD0020EEB8;
			productRefGroup = 2D3E99E722E031AE0020EEB8 /* Products */;
			projectDirPath = "";
			projectRoot = "";
			targets = (
				2D3E99E522E031AD0020EEB8 /* MovieLibrary */,
			);
		};
/* End PBXProject section */

/* Begin PBXResourcesBuildPhase section */
		2D3E99E422E031AD0020EEB8 /* Resources */ = {
			isa = PBXResourcesBuildPhase;
			buildActionMask = 2147483647;
			files = (
				2D3E99FF22E0321A0020EEB8 /* .gitignore in Resources */,
				2D3E99F722E031B00020EEB8 /* LaunchScreen.storyboard in Resources */,
				2D3E99F422E031B00020EEB8 /* Assets.xcassets in Resources */,
				2D3E99EF22E031AE0020EEB8 /* Main.storyboard in Resources */,
				2D3B4AAE22E04A67009017A2 /* MovieItemTableViewCell.xib in Resources */,
			);
			runOnlyForDeploymentPostprocessing = 0;
		};
/* End PBXResourcesBuildPhase section */

/* Begin PBXShellScriptBuildPhase section */
		537AE0007B34841B7CF70186 /* [CP] Check Pods Manifest.lock */ = {
			isa = PBXShellScriptBuildPhase;
			buildActionMask = 2147483647;
			files = (
			);
			inputFileListPaths = (
			);
			inputPaths = (
				"${PODS_PODFILE_DIR_PATH}/Podfile.lock",
				"${PODS_ROOT}/Manifest.lock",
			);
			name = "[CP] Check Pods Manifest.lock";
			outputFileListPaths = (
			);
			outputPaths = (
				"$(DERIVED_FILE_DIR)/Pods-MovieLibrary-checkManifestLockResult.txt",
			);
			runOnlyForDeploymentPostprocessing = 0;
			shellPath = /bin/sh;
			shellScript = "diff \"${PODS_PODFILE_DIR_PATH}/Podfile.lock\" \"${PODS_ROOT}/Manifest.lock\" > /dev/null\nif [ $? != 0 ] ; then\n    # print error to STDERR\n    echo \"error: The sandbox is not in sync with the Podfile.lock. Run 'pod install' or update your CocoaPods installation.\" >&2\n    exit 1\nfi\n# This output is used by Xcode 'outputs' to avoid re-running this script phase.\necho \"SUCCESS\" > \"${SCRIPT_OUTPUT_FILE_0}\"\n";
			showEnvVarsInLog = 0;
		};
		D29736787322F735946BDC5F /* [CP] Embed Pods Frameworks */ = {
			isa = PBXShellScriptBuildPhase;
			buildActionMask = 2147483647;
			files = (
			);
			inputFileListPaths = (
			);
			inputPaths = (
				"${SRCROOT}/Pods/Target Support Files/Pods-MovieLibrary/Pods-MovieLibrary-frameworks.sh",
				"${BUILT_PRODUCTS_DIR}/AFNetworking/AFNetworking.framework",
				"${BUILT_PRODUCTS_DIR}/SDWebImage/SDWebImage.framework",
			);
			name = "[CP] Embed Pods Frameworks";
			outputFileListPaths = (
			);
			outputPaths = (
				"${TARGET_BUILD_DIR}/${FRAMEWORKS_FOLDER_PATH}/AFNetworking.framework",
				"${TARGET_BUILD_DIR}/${FRAMEWORKS_FOLDER_PATH}/SDWebImage.framework",
			);
			runOnlyForDeploymentPostprocessing = 0;
			shellPath = /bin/sh;
			shellScript = "\"${SRCROOT}/Pods/Target Support Files/Pods-MovieLibrary/Pods-MovieLibrary-frameworks.sh\"\n";
			showEnvVarsInLog = 0;
		};
/* End PBXShellScriptBuildPhase section */

/* Begin PBXSourcesBuildPhase section */
		2D3E99E222E031AD0020EEB8 /* Sources */ = {
			isa = PBXSourcesBuildPhase;
			buildActionMask = 2147483647;
			files = (
				2D3E99EC22E031AE0020EEB8 /* ViewController.swift in Sources */,
				2D1FCBAD22E08251003FB248 /* DBCalls.swift in Sources */,
				2D1FCBA722E07FA3003FB248 /* Constants.swift in Sources */,
				2D3B4AAD22E04A67009017A2 /* MovieItemTableViewCell.swift in Sources */,
				2D1FCBB122E08C6A003FB248 /* ConfigModel.swift in Sources */,
				2D1FCBA922E081CD003FB248 /* UIViewControllerUtilities.swift in Sources */,
				2D1FCBA422E07F73003FB248 /* APIManager.swift in Sources */,
				2D1FCBA222E07F73003FB248 /* APICalls.swift in Sources */,
				2D3E99EA22E031AE0020EEB8 /* AppDelegate.swift in Sources */,
				2D3E99F222E031AE0020EEB8 /* MovieLibrary.xcdatamodeld in Sources */,
				2D1FCBA322E07F73003FB248 /* PostParameters.swift in Sources */,
				2D3B4AB622E06602009017A2 /* MovieListViewController.swift in Sources */,
				2D1FCBB322E09CF3003FB248 /* MovieListModel.swift in Sources */,
				2D3B4AB222E0527B009017A2 /* UIImageViewUtilities.swift in Sources */,
				2D3B4AB322E0527B009017A2 /* UIViewUtilities.swift in Sources */,
				2D1FCBAE22E08251003FB248 /* DBManager.swift in Sources */,
			);
			runOnlyForDeploymentPostprocessing = 0;
		};
/* End PBXSourcesBuildPhase section */

/* Begin PBXVariantGroup section */
		2D3E99ED22E031AE0020EEB8 /* Main.storyboard */ = {
			isa = PBXVariantGroup;
			children = (
				2D3E99EE22E031AE0020EEB8 /* Base */,
			);
			name = Main.storyboard;
			sourceTree = "<group>";
		};
		2D3E99F522E031B00020EEB8 /* LaunchScreen.storyboard */ = {
			isa = PBXVariantGroup;
			children = (
				2D3E99F622E031B00020EEB8 /* Base */,
			);
			name = LaunchScreen.storyboard;
			sourceTree = "<group>";
		};
/* End PBXVariantGroup section */

/* Begin XCBuildConfiguration section */
		2D3E99F922E031B00020EEB8 /* Debug */ = {
			isa = XCBuildConfiguration;
			buildSettings = {
				ALWAYS_SEARCH_USER_PATHS = NO;
				CLANG_ANALYZER_NONNULL = YES;
				CLANG_ANALYZER_NUMBER_OBJECT_CONVERSION = YES_AGGRESSIVE;
				CLANG_CXX_LANGUAGE_STANDARD = "gnu++14";
				CLANG_CXX_LIBRARY = "libc++";
				CLANG_ENABLE_MODULES = YES;
				CLANG_ENABLE_OBJC_ARC = YES;
				CLANG_ENABLE_OBJC_WEAK = YES;
				CLANG_WARN_BLOCK_CAPTURE_AUTORELEASING = YES;
				CLANG_WARN_BOOL_CONVERSION = YES;
				CLANG_WARN_COMMA = YES;
				CLANG_WARN_CONSTANT_CONVERSION = YES;
				CLANG_WARN_DEPRECATED_OBJC_IMPLEMENTATIONS = YES;
				CLANG_WARN_DIRECT_OBJC_ISA_USAGE = YES_ERROR;
				CLANG_WARN_DOCUMENTATION_COMMENTS = YES;
				CLANG_WARN_EMPTY_BODY = YES;
				CLANG_WARN_ENUM_CONVERSION = YES;
				CLANG_WARN_INFINITE_RECURSION = YES;
				CLANG_WARN_INT_CONVERSION = YES;
				CLANG_WARN_NON_LITERAL_NULL_CONVERSION = YES;
				CLANG_WARN_OBJC_IMPLICIT_RETAIN_SELF = YES;
				CLANG_WARN_OBJC_LITERAL_CONVERSION = YES;
				CLANG_WARN_OBJC_ROOT_CLASS = YES_ERROR;
				CLANG_WARN_RANGE_LOOP_ANALYSIS = YES;
				CLANG_WARN_STRICT_PROTOTYPES = YES;
				CLANG_WARN_SUSPICIOUS_MOVE = YES;
				CLANG_WARN_UNGUARDED_AVAILABILITY = YES_AGGRESSIVE;
				CLANG_WARN_UNREACHABLE_CODE = YES;
				CLANG_WARN__DUPLICATE_METHOD_MATCH = YES;
				CODE_SIGN_IDENTITY = "iPhone Developer";
				COPY_PHASE_STRIP = NO;
				DEBUG_INFORMATION_FORMAT = dwarf;
				ENABLE_STRICT_OBJC_MSGSEND = YES;
				ENABLE_TESTABILITY = YES;
				GCC_C_LANGUAGE_STANDARD = gnu11;
				GCC_DYNAMIC_NO_PIC = NO;
				GCC_NO_COMMON_BLOCKS = YES;
				GCC_OPTIMIZATION_LEVEL = 0;
				GCC_PREPROCESSOR_DEFINITIONS = (
					"DEBUG=1",
					"$(inherited)",
				);
				GCC_WARN_64_TO_32_BIT_CONVERSION = YES;
				GCC_WARN_ABOUT_RETURN_TYPE = YES_ERROR;
				GCC_WARN_UNDECLARED_SELECTOR = YES;
				GCC_WARN_UNINITIALIZED_AUTOS = YES_AGGRESSIVE;
				GCC_WARN_UNUSED_FUNCTION = YES;
				GCC_WARN_UNUSED_VARIABLE = YES;
				IPHONEOS_DEPLOYMENT_TARGET = 12.1;
				MTL_ENABLE_DEBUG_INFO = INCLUDE_SOURCE;
				MTL_FAST_MATH = YES;
				ONLY_ACTIVE_ARCH = YES;
				SDKROOT = iphoneos;
				SWIFT_ACTIVE_COMPILATION_CONDITIONS = DEBUG;
				SWIFT_OPTIMIZATION_LEVEL = "-Onone";
			};
			name = Debug;
		};
		2D3E99FA22E031B00020EEB8 /* Release */ = {
			isa = XCBuildConfiguration;
			buildSettings = {
				ALWAYS_SEARCH_USER_PATHS = NO;
				CLANG_ANALYZER_NONNULL = YES;
				CLANG_ANALYZER_NUMBER_OBJECT_CONVERSION = YES_AGGRESSIVE;
				CLANG_CXX_LANGUAGE_STANDARD = "gnu++14";
				CLANG_CXX_LIBRARY = "libc++";
				CLANG_ENABLE_MODULES = YES;
				CLANG_ENABLE_OBJC_ARC = YES;
				CLANG_ENABLE_OBJC_WEAK = YES;
				CLANG_WARN_BLOCK_CAPTURE_AUTORELEASING = YES;
				CLANG_WARN_BOOL_CONVERSION = YES;
				CLANG_WARN_COMMA = YES;
				CLANG_WARN_CONSTANT_CONVERSION = YES;
				CLANG_WARN_DEPRECATED_OBJC_IMPLEMENTATIONS = YES;
				CLANG_WARN_DIRECT_OBJC_ISA_USAGE = YES_ERROR;
				CLANG_WARN_DOCUMENTATION_COMMENTS = YES;
				CLANG_WARN_EMPTY_BODY = YES;
				CLANG_WARN_ENUM_CONVERSION = YES;
				CLANG_WARN_INFINITE_RECURSION = YES;
				CLANG_WARN_INT_CONVERSION = YES;
				CLANG_WARN_NON_LITERAL_NULL_CONVERSION = YES;
				CLANG_WARN_OBJC_IMPLICIT_RETAIN_SELF = YES;
				CLANG_WARN_OBJC_LITERAL_CONVERSION = YES;
				CLANG_WARN_OBJC_ROOT_CLASS = YES_ERROR;
				CLANG_WARN_RANGE_LOOP_ANALYSIS = YES;
				CLANG_WARN_STRICT_PROTOTYPES = YES;
				CLANG_WARN_SUSPICIOUS_MOVE = YES;
				CLANG_WARN_UNGUARDED_AVAILABILITY = YES_AGGRESSIVE;
				CLANG_WARN_UNREACHABLE_CODE = YES;
				CLANG_WARN__DUPLICATE_METHOD_MATCH = YES;
				CODE_SIGN_IDENTITY = "iPhone Developer";
				COPY_PHASE_STRIP = NO;
				DEBUG_INFORMATION_FORMAT = "dwarf-with-dsym";
				ENABLE_NS_ASSERTIONS = NO;
				ENABLE_STRICT_OBJC_MSGSEND = YES;
				GCC_C_LANGUAGE_STANDARD = gnu11;
				GCC_NO_COMMON_BLOCKS = YES;
				GCC_WARN_64_TO_32_BIT_CONVERSION = YES;
				GCC_WARN_ABOUT_RETURN_TYPE = YES_ERROR;
				GCC_WARN_UNDECLARED_SELECTOR = YES;
				GCC_WARN_UNINITIALIZED_AUTOS = YES_AGGRESSIVE;
				GCC_WARN_UNUSED_FUNCTION = YES;
				GCC_WARN_UNUSED_VARIABLE = YES;
				IPHONEOS_DEPLOYMENT_TARGET = 12.1;
				MTL_ENABLE_DEBUG_INFO = NO;
				MTL_FAST_MATH = YES;
				SDKROOT = iphoneos;
				SWIFT_COMPILATION_MODE = wholemodule;
				SWIFT_OPTIMIZATION_LEVEL = "-O";
				VALIDATE_PRODUCT = YES;
			};
			name = Release;
		};
		2D3E99FC22E031B00020EEB8 /* Debug */ = {
			isa = XCBuildConfiguration;
			baseConfigurationReference = 046F13E674F4596266210967 /* Pods-MovieLibrary.debug.xcconfig */;
			buildSettings = {
				ASSETCATALOG_COMPILER_APPICON_NAME = AppIcon;
				CODE_SIGN_STYLE = Automatic;
				INFOPLIST_FILE = MovieLibrary/Info.plist;
				LD_RUNPATH_SEARCH_PATHS = (
					"$(inherited)",
					"@executable_path/Frameworks",
				);
				PRODUCT_BUNDLE_IDENTIFIER = com.MovieLibrary;
				PRODUCT_NAME = "$(TARGET_NAME)";
				SWIFT_VERSION = 4.2;
				TARGETED_DEVICE_FAMILY = "1,2";
			};
			name = Debug;
		};
		2D3E99FD22E031B00020EEB8 /* Release */ = {
			isa = XCBuildConfiguration;
			baseConfigurationReference = 0A773FE1063217E2AD0D5851 /* Pods-MovieLibrary.release.xcconfig */;
			buildSettings = {
				ASSETCATALOG_COMPILER_APPICON_NAME = AppIcon;
				CODE_SIGN_STYLE = Automatic;
				INFOPLIST_FILE = MovieLibrary/Info.plist;
				LD_RUNPATH_SEARCH_PATHS = (
					"$(inherited)",
					"@executable_path/Frameworks",
				);
				PRODUCT_BUNDLE_IDENTIFIER = com.MovieLibrary;
				PRODUCT_NAME = "$(TARGET_NAME)";
				SWIFT_VERSION = 4.2;
				TARGETED_DEVICE_FAMILY = "1,2";
			};
			name = Release;
		};
/* End XCBuildConfiguration section */

/* Begin XCConfigurationList section */
		2D3E99E122E031AD0020EEB8 /* Build configuration list for PBXProject "MovieLibrary" */ = {
			isa = XCConfigurationList;
			buildConfigurations = (
				2D3E99F922E031B00020EEB8 /* Debug */,
				2D3E99FA22E031B00020EEB8 /* Release */,
			);
			defaultConfigurationIsVisible = 0;
			defaultConfigurationName = Release;
		};
		2D3E99FB22E031B00020EEB8 /* Build configuration list for PBXNativeTarget "MovieLibrary" */ = {
			isa = XCConfigurationList;
			buildConfigurations = (
				2D3E99FC22E031B00020EEB8 /* Debug */,
				2D3E99FD22E031B00020EEB8 /* Release */,
			);
			defaultConfigurationIsVisible = 0;
			defaultConfigurationName = Release;
		};
/* End XCConfigurationList section */

/* Begin XCVersionGroup section */
		2D3E99F022E031AE0020EEB8 /* MovieLibrary.xcdatamodeld */ = {
			isa = XCVersionGroup;
			children = (
				2D3E99F122E031AE0020EEB8 /* MovieLibrary.xcdatamodel */,
			);
			currentVersion = 2D3E99F122E031AE0020EEB8 /* MovieLibrary.xcdatamodel */;
			path = MovieLibrary.xcdatamodeld;
			sourceTree = "<group>";
			versionGroupType = wrapper.xcdatamodel;
		};
/* End XCVersionGroup section */
	};
	rootObject = 2D3E99DE22E031AD0020EEB8 /* Project object */;
}
